// !$*UTF8*$!
{
	archiveVersion = 1;
	classes = {
	};
	objectVersion = 51;
	objects = {

/* Begin PBXBuildFile section */
		0DBE61425FB5F90251AD0231 /* Pods_ParstagramTests.framework in Frameworks */ = {isa = PBXBuildFile; fileRef = D93D2199DB067FE308C3B785 /* Pods_ParstagramTests.framework */; };
		760E944B977DDBFDCEB9C76E /* Pods_Parstagram_ParstagramUITests.framework in Frameworks */ = {isa = PBXBuildFile; fileRef = E5FDA4502D8245BFA4945EEF /* Pods_Parstagram_ParstagramUITests.framework */; };
		BA5DCA7E81AEE22A2772872E /* Pods_Parstagram.framework in Frameworks */ = {isa = PBXBuildFile; fileRef = EE44777D34B1CD9DEF72B2EE /* Pods_Parstagram.framework */; };
		C2A46E762605890D008D6B7B /* AppDelegate.swift in Sources */ = {isa = PBXBuildFile; fileRef = C2A46E752605890D008D6B7B /* AppDelegate.swift */; };
		C2A46E782605890D008D6B7B /* SceneDelegate.swift in Sources */ = {isa = PBXBuildFile; fileRef = C2A46E772605890D008D6B7B /* SceneDelegate.swift */; };
		C2A46E7D2605890D008D6B7B /* Main.storyboard in Resources */ = {isa = PBXBuildFile; fileRef = C2A46E7B2605890D008D6B7B /* Main.storyboard */; };
		C2A46E7F2605890E008D6B7B /* Assets.xcassets in Resources */ = {isa = PBXBuildFile; fileRef = C2A46E7E2605890E008D6B7B /* Assets.xcassets */; };
		C2A46E822605890E008D6B7B /* LaunchScreen.storyboard in Resources */ = {isa = PBXBuildFile; fileRef = C2A46E802605890E008D6B7B /* LaunchScreen.storyboard */; };
		C2A46E8D2605890E008D6B7B /* ParstagramTests.swift in Sources */ = {isa = PBXBuildFile; fileRef = C2A46E8C2605890E008D6B7B /* ParstagramTests.swift */; };
		C2A46E982605890E008D6B7B /* ParstagramUITests.swift in Sources */ = {isa = PBXBuildFile; fileRef = C2A46E972605890E008D6B7B /* ParstagramUITests.swift */; };
		C2A46EBE260590A5008D6B7B /* LoginViewController.swift in Sources */ = {isa = PBXBuildFile; fileRef = C2A46EBD260590A5008D6B7B /* LoginViewController.swift */; };
		C2A46EC3260590BB008D6B7B /* FeedViewController.swift in Sources */ = {isa = PBXBuildFile; fileRef = C2A46EC2260590BB008D6B7B /* FeedViewController.swift */; };
		C2A46EC82605986F008D6B7B /* CameraViewController.swift in Sources */ = {isa = PBXBuildFile; fileRef = C2A46EC72605986F008D6B7B /* CameraViewController.swift */; };
		C2A46ED82605A5CF008D6B7B /* PostCell.swift in Sources */ = {isa = PBXBuildFile; fileRef = C2A46ED72605A5CF008D6B7B /* PostCell.swift */; };
		C2B12F35260EFDF000E54CA1 /* CommentCell.swift in Sources */ = {isa = PBXBuildFile; fileRef = C2B12F34260EFDF000E54CA1 /* CommentCell.swift */; };
/* End PBXBuildFile section */

/* Begin PBXContainerItemProxy section */
		C2A46E892605890E008D6B7B /* PBXContainerItemProxy */ = {
			isa = PBXContainerItemProxy;
			containerPortal = C2A46E6A2605890D008D6B7B /* Project object */;
			proxyType = 1;
			remoteGlobalIDString = C2A46E712605890D008D6B7B;
			remoteInfo = Parstagram;
		};
		C2A46E942605890E008D6B7B /* PBXContainerItemProxy */ = {
			isa = PBXContainerItemProxy;
			containerPortal = C2A46E6A2605890D008D6B7B /* Project object */;
			proxyType = 1;
			remoteGlobalIDString = C2A46E712605890D008D6B7B;
			remoteInfo = Parstagram;
		};
/* End PBXContainerItemProxy section */

/* Begin PBXFileReference section */
		12ADA93551C3B9499BC38A47 /* Pods-Parstagram-ParstagramUITests.debug.xcconfig */ = {isa = PBXFileReference; includeInIndex = 1; lastKnownFileType = text.xcconfig; name = "Pods-Parstagram-ParstagramUITests.debug.xcconfig"; path = "Target Support Files/Pods-Parstagram-ParstagramUITests/Pods-Parstagram-ParstagramUITests.debug.xcconfig"; sourceTree = "<group>"; };
		2AB01555418BAD56F1EF9697 /* Pods-Parstagram-ParstagramUITests.release.xcconfig */ = {isa = PBXFileReference; includeInIndex = 1; lastKnownFileType = text.xcconfig; name = "Pods-Parstagram-ParstagramUITests.release.xcconfig"; path = "Target Support Files/Pods-Parstagram-ParstagramUITests/Pods-Parstagram-ParstagramUITests.release.xcconfig"; sourceTree = "<group>"; };
		634986F35F2CE7720C7F39BF /* Pods-ParstagramTests.debug.xcconfig */ = {isa = PBXFileReference; includeInIndex = 1; lastKnownFileType = text.xcconfig; name = "Pods-ParstagramTests.debug.xcconfig"; path = "Target Support Files/Pods-ParstagramTests/Pods-ParstagramTests.debug.xcconfig"; sourceTree = "<group>"; };
		79E3B061F9C0DE05CB1365E5 /* Pods-Parstagram.debug.xcconfig */ = {isa = PBXFileReference; includeInIndex = 1; lastKnownFileType = text.xcconfig; name = "Pods-Parstagram.debug.xcconfig"; path = "Target Support Files/Pods-Parstagram/Pods-Parstagram.debug.xcconfig"; sourceTree = "<group>"; };
		B5C3DEB8CB5DCC7ADC96821C /* Pods-Parstagram.release.xcconfig */ = {isa = PBXFileReference; includeInIndex = 1; lastKnownFileType = text.xcconfig; name = "Pods-Parstagram.release.xcconfig"; path = "Target Support Files/Pods-Parstagram/Pods-Parstagram.release.xcconfig"; sourceTree = "<group>"; };
		B63A0F5509A79399475EFA4E /* Pods-ParstagramTests.release.xcconfig */ = {isa = PBXFileReference; includeInIndex = 1; lastKnownFileType = text.xcconfig; name = "Pods-ParstagramTests.release.xcconfig"; path = "Target Support Files/Pods-ParstagramTests/Pods-ParstagramTests.release.xcconfig"; sourceTree = "<group>"; };
		C2A46E722605890D008D6B7B /* Parstagram.app */ = {isa = PBXFileReference; explicitFileType = wrapper.application; includeInIndex = 0; path = Parstagram.app; sourceTree = BUILT_PRODUCTS_DIR; };
		C2A46E752605890D008D6B7B /* AppDelegate.swift */ = {isa = PBXFileReference; lastKnownFileType = sourcecode.swift; path = AppDelegate.swift; sourceTree = "<group>"; };
		C2A46E772605890D008D6B7B /* SceneDelegate.swift */ = {isa = PBXFileReference; lastKnownFileType = sourcecode.swift; path = SceneDelegate.swift; sourceTree = "<group>"; };
		C2A46E7C2605890D008D6B7B /* Base */ = {isa = PBXFileReference; lastKnownFileType = file.storyboard; name = Base; path = Base.lproj/Main.storyboard; sourceTree = "<group>"; };
		C2A46E7E2605890E008D6B7B /* Assets.xcassets */ = {isa = PBXFileReference; lastKnownFileType = folder.assetcatalog; path = Assets.xcassets; sourceTree = "<group>"; };
		C2A46E812605890E008D6B7B /* Base */ = {isa = PBXFileReference; lastKnownFileType = file.storyboard; name = Base; path = Base.lproj/LaunchScreen.storyboard; sourceTree = "<group>"; };
		C2A46E832605890E008D6B7B /* Info.plist */ = {isa = PBXFileReference; lastKnownFileType = text.plist.xml; path = Info.plist; sourceTree = "<group>"; };
		C2A46E882605890E008D6B7B /* ParstagramTests.xctest */ = {isa = PBXFileReference; explicitFileType = wrapper.cfbundle; includeInIndex = 0; path = ParstagramTests.xctest; sourceTree = BUILT_PRODUCTS_DIR; };
		C2A46E8C2605890E008D6B7B /* ParstagramTests.swift */ = {isa = PBXFileReference; lastKnownFileType = sourcecode.swift; path = ParstagramTests.swift; sourceTree = "<group>"; };
		C2A46E8E2605890E008D6B7B /* Info.plist */ = {isa = PBXFileReference; lastKnownFileType = text.plist.xml; path = Info.plist; sourceTree = "<group>"; };
		C2A46E932605890E008D6B7B /* ParstagramUITests.xctest */ = {isa = PBXFileReference; explicitFileType = wrapper.cfbundle; includeInIndex = 0; path = ParstagramUITests.xctest; sourceTree = BUILT_PRODUCTS_DIR; };
		C2A46E972605890E008D6B7B /* ParstagramUITests.swift */ = {isa = PBXFileReference; lastKnownFileType = sourcecode.swift; path = ParstagramUITests.swift; sourceTree = "<group>"; };
		C2A46E992605890E008D6B7B /* Info.plist */ = {isa = PBXFileReference; lastKnownFileType = text.plist.xml; path = Info.plist; sourceTree = "<group>"; };
		C2A46EBD260590A5008D6B7B /* LoginViewController.swift */ = {isa = PBXFileReference; lastKnownFileType = sourcecode.swift; path = LoginViewController.swift; sourceTree = "<group>"; };
		C2A46EC2260590BB008D6B7B /* FeedViewController.swift */ = {isa = PBXFileReference; lastKnownFileType = sourcecode.swift; path = FeedViewController.swift; sourceTree = "<group>"; };
		C2A46EC72605986F008D6B7B /* CameraViewController.swift */ = {isa = PBXFileReference; lastKnownFileType = sourcecode.swift; path = CameraViewController.swift; sourceTree = "<group>"; };
		C2A46ED72605A5CF008D6B7B /* PostCell.swift */ = {isa = PBXFileReference; lastKnownFileType = sourcecode.swift; path = PostCell.swift; sourceTree = "<group>"; };
		C2B12F34260EFDF000E54CA1 /* CommentCell.swift */ = {isa = PBXFileReference; lastKnownFileType = sourcecode.swift; path = CommentCell.swift; sourceTree = "<group>"; };
		D93D2199DB067FE308C3B785 /* Pods_ParstagramTests.framework */ = {isa = PBXFileReference; explicitFileType = wrapper.framework; includeInIndex = 0; path = Pods_ParstagramTests.framework; sourceTree = BUILT_PRODUCTS_DIR; };
		E5FDA4502D8245BFA4945EEF /* Pods_Parstagram_ParstagramUITests.framework */ = {isa = PBXFileReference; explicitFileType = wrapper.framework; includeInIndex = 0; path = Pods_Parstagram_ParstagramUITests.framework; sourceTree = BUILT_PRODUCTS_DIR; };
		EE44777D34B1CD9DEF72B2EE /* Pods_Parstagram.framework */ = {isa = PBXFileReference; explicitFileType = wrapper.framework; includeInIndex = 0; path = Pods_Parstagram.framework; sourceTree = BUILT_PRODUCTS_DIR; };
/* End PBXFileReference section */

/* Begin PBXFrameworksBuildPhase section */
		C2A46E6F2605890D008D6B7B /* Frameworks */ = {
			isa = PBXFrameworksBuildPhase;
			buildActionMask = 2147483647;
			files = (
				BA5DCA7E81AEE22A2772872E /* Pods_Parstagram.framework in Frameworks */,
			);
			runOnlyForDeploymentPostprocessing = 0;
		};
		C2A46E852605890E008D6B7B /* Frameworks */ = {
			isa = PBXFrameworksBuildPhase;
			buildActionMask = 2147483647;
			files = (
				0DBE61425FB5F90251AD0231 /* Pods_ParstagramTests.framework in Frameworks */,
			);
			runOnlyForDeploymentPostprocessing = 0;
		};
		C2A46E902605890E008D6B7B /* Frameworks */ = {
			isa = PBXFrameworksBuildPhase;
			buildActionMask = 2147483647;
			files = (
				760E944B977DDBFDCEB9C76E /* Pods_Parstagram_ParstagramUITests.framework in Frameworks */,
			);
			runOnlyForDeploymentPostprocessing = 0;
		};
/* End PBXFrameworksBuildPhase section */

/* Begin PBXGroup section */
		2A8BF8A731DEF211228ADBA6 /* Pods */ = {
			isa = PBXGroup;
			children = (
				79E3B061F9C0DE05CB1365E5 /* Pods-Parstagram.debug.xcconfig */,
				B5C3DEB8CB5DCC7ADC96821C /* Pods-Parstagram.release.xcconfig */,
				12ADA93551C3B9499BC38A47 /* Pods-Parstagram-ParstagramUITests.debug.xcconfig */,
				2AB01555418BAD56F1EF9697 /* Pods-Parstagram-ParstagramUITests.release.xcconfig */,
				634986F35F2CE7720C7F39BF /* Pods-ParstagramTests.debug.xcconfig */,
				B63A0F5509A79399475EFA4E /* Pods-ParstagramTests.release.xcconfig */,
			);
			path = Pods;
			sourceTree = "<group>";
		};
		8C9C6BDF9093E6C4888DA827 /* Frameworks */ = {
			isa = PBXGroup;
			children = (
				EE44777D34B1CD9DEF72B2EE /* Pods_Parstagram.framework */,
				E5FDA4502D8245BFA4945EEF /* Pods_Parstagram_ParstagramUITests.framework */,
				D93D2199DB067FE308C3B785 /* Pods_ParstagramTests.framework */,
			);
			name = Frameworks;
			sourceTree = "<group>";
		};
		C2A46E692605890D008D6B7B = {
			isa = PBXGroup;
			children = (
				C2A46E742605890D008D6B7B /* Parstagram */,
				C2A46E8B2605890E008D6B7B /* ParstagramTests */,
				C2A46E962605890E008D6B7B /* ParstagramUITests */,
				C2A46E732605890D008D6B7B /* Products */,
				2A8BF8A731DEF211228ADBA6 /* Pods */,
				8C9C6BDF9093E6C4888DA827 /* Frameworks */,
			);
			sourceTree = "<group>";
		};
		C2A46E732605890D008D6B7B /* Products */ = {
			isa = PBXGroup;
			children = (
				C2A46E722605890D008D6B7B /* Parstagram.app */,
				C2A46E882605890E008D6B7B /* ParstagramTests.xctest */,
				C2A46E932605890E008D6B7B /* ParstagramUITests.xctest */,
			);
			name = Products;
			sourceTree = "<group>";
		};
		C2A46E742605890D008D6B7B /* Parstagram */ = {
			isa = PBXGroup;
			children = (
				C2A46E752605890D008D6B7B /* AppDelegate.swift */,
				C2A46E772605890D008D6B7B /* SceneDelegate.swift */,
				C2A46E7B2605890D008D6B7B /* Main.storyboard */,
				C2A46E7E2605890E008D6B7B /* Assets.xcassets */,
				C2A46E802605890E008D6B7B /* LaunchScreen.storyboard */,
				C2A46E832605890E008D6B7B /* Info.plist */,
				C2A46EBD260590A5008D6B7B /* LoginViewController.swift */,
				C2A46EC2260590BB008D6B7B /* FeedViewController.swift */,
				C2A46EC72605986F008D6B7B /* CameraViewController.swift */,
				C2A46ED72605A5CF008D6B7B /* PostCell.swift */,
				C2B12F34260EFDF000E54CA1 /* CommentCell.swift */,
			);
			path = Parstagram;
			sourceTree = "<group>";
		};
		C2A46E8B2605890E008D6B7B /* ParstagramTests */ = {
			isa = PBXGroup;
			children = (
				C2A46E8C2605890E008D6B7B /* ParstagramTests.swift */,
				C2A46E8E2605890E008D6B7B /* Info.plist */,
			);
			path = ParstagramTests;
			sourceTree = "<group>";
		};
		C2A46E962605890E008D6B7B /* ParstagramUITests */ = {
			isa = PBXGroup;
			children = (
				C2A46E972605890E008D6B7B /* ParstagramUITests.swift */,
				C2A46E992605890E008D6B7B /* Info.plist */,
			);
			path = ParstagramUITests;
			sourceTree = "<group>";
		};
/* End PBXGroup section */

/* Begin PBXNativeTarget section */
		C2A46E712605890D008D6B7B /* Parstagram */ = {
			isa = PBXNativeTarget;
			buildConfigurationList = C2A46E9C2605890E008D6B7B /* Build configuration list for PBXNativeTarget "Parstagram" */;
			buildPhases = (
				AF0FE6061445AF0DF2EFF584 /* [CP] Check Pods Manifest.lock */,
				C2A46E6E2605890D008D6B7B /* Sources */,
				C2A46E6F2605890D008D6B7B /* Frameworks */,
				C2A46E702605890D008D6B7B /* Resources */,
				2F328CC0BA8D3D7D7F257BF8 /* [CP] Embed Pods Frameworks */,
			);
			buildRules = (
			);
			dependencies = (
			);
			name = Parstagram;
			productName = Parstagram;
			productReference = C2A46E722605890D008D6B7B /* Parstagram.app */;
			productType = "com.apple.product-type.application";
		};
		C2A46E872605890E008D6B7B /* ParstagramTests */ = {
			isa = PBXNativeTarget;
			buildConfigurationList = C2A46E9F2605890E008D6B7B /* Build configuration list for PBXNativeTarget "ParstagramTests" */;
			buildPhases = (
				2F01715FF6E9BFE55797D450 /* [CP] Check Pods Manifest.lock */,
				C2A46E842605890E008D6B7B /* Sources */,
				C2A46E852605890E008D6B7B /* Frameworks */,
				C2A46E862605890E008D6B7B /* Resources */,
			);
			buildRules = (
			);
			dependencies = (
				C2A46E8A2605890E008D6B7B /* PBXTargetDependency */,
			);
			name = ParstagramTests;
			productName = ParstagramTests;
			productReference = C2A46E882605890E008D6B7B /* ParstagramTests.xctest */;
			productType = "com.apple.product-type.bundle.unit-test";
		};
		C2A46E922605890E008D6B7B /* ParstagramUITests */ = {
			isa = PBXNativeTarget;
			buildConfigurationList = C2A46EA22605890E008D6B7B /* Build configuration list for PBXNativeTarget "ParstagramUITests" */;
			buildPhases = (
				726B36BD79126028596AA834 /* [CP] Check Pods Manifest.lock */,
				C2A46E8F2605890E008D6B7B /* Sources */,
				C2A46E902605890E008D6B7B /* Frameworks */,
				C2A46E912605890E008D6B7B /* Resources */,
				8F2AE276F1D89A14469F4BB8 /* [CP] Embed Pods Frameworks */,
			);
			buildRules = (
			);
			dependencies = (
				C2A46E952605890E008D6B7B /* PBXTargetDependency */,
			);
			name = ParstagramUITests;
			productName = ParstagramUITests;
			productReference = C2A46E932605890E008D6B7B /* ParstagramUITests.xctest */;
			productType = "com.apple.product-type.bundle.ui-testing";
		};
/* End PBXNativeTarget section */

/* Begin PBXProject section */
		C2A46E6A2605890D008D6B7B /* Project object */ = {
			isa = PBXProject;
			attributes = {
				LastSwiftUpdateCheck = 1240;
				LastUpgradeCheck = 1240;
				TargetAttributes = {
					C2A46E712605890D008D6B7B = {
						CreatedOnToolsVersion = 12.4;
					};
					C2A46E872605890E008D6B7B = {
						CreatedOnToolsVersion = 12.4;
						TestTargetID = C2A46E712605890D008D6B7B;
					};
					C2A46E922605890E008D6B7B = {
						CreatedOnToolsVersion = 12.4;
						TestTargetID = C2A46E712605890D008D6B7B;
					};
				};
			};
			buildConfigurationList = C2A46E6D2605890D008D6B7B /* Build configuration list for PBXProject "Parstagram" */;
			compatibilityVersion = "Xcode 9.3";
			developmentRegion = en;
			hasScannedForEncodings = 0;
			knownRegions = (
				en,
				Base,
			);
			mainGroup = C2A46E692605890D008D6B7B;
			productRefGroup = C2A46E732605890D008D6B7B /* Products */;
			projectDirPath = "";
			projectRoot = "";
			targets = (
				C2A46E712605890D008D6B7B /* Parstagram */,
				C2A46E872605890E008D6B7B /* ParstagramTests */,
				C2A46E922605890E008D6B7B /* ParstagramUITests */,
			);
		};
/* End PBXProject section */

/* Begin PBXResourcesBuildPhase section */
		C2A46E702605890D008D6B7B /* Resources */ = {
			isa = PBXResourcesBuildPhase;
			buildActionMask = 2147483647;
			files = (
				C2A46E822605890E008D6B7B /* LaunchScreen.storyboard in Resources */,
				C2A46E7F2605890E008D6B7B /* Assets.xcassets in Resources */,
				C2A46E7D2605890D008D6B7B /* Main.storyboard in Resources */,
			);
			runOnlyForDeploymentPostprocessing = 0;
		};
		C2A46E862605890E008D6B7B /* Resources */ = {
			isa = PBXResourcesBuildPhase;
			buildActionMask = 2147483647;
			files = (
			);
			runOnlyForDeploymentPostprocessing = 0;
		};
		C2A46E912605890E008D6B7B /* Resources */ = {
			isa = PBXResourcesBuildPhase;
			buildActionMask = 2147483647;
			files = (
			);
			runOnlyForDeploymentPostprocessing = 0;
		};
/* End PBXResourcesBuildPhase section */

/* Begin PBXShellScriptBuildPhase section */
		2F01715FF6E9BFE55797D450 /* [CP] Check Pods Manifest.lock */ = {
			isa = PBXShellScriptBuildPhase;
			buildActionMask = 2147483647;
			files = (
			);
			inputFileListPaths = (
			);
			inputPaths = (
				"${PODS_PODFILE_DIR_PATH}/Podfile.lock",
				"${PODS_ROOT}/Manifest.lock",
			);
			name = "[CP] Check Pods Manifest.lock";
			outputFileListPaths = (
			);
			outputPaths = (
				"$(DERIVED_FILE_DIR)/Pods-ParstagramTests-checkManifestLockResult.txt",
			);
			runOnlyForDeploymentPostprocessing = 0;
			shellPath = /bin/sh;
			shellScript = "diff \"${PODS_PODFILE_DIR_PATH}/Podfile.lock\" \"${PODS_ROOT}/Manifest.lock\" > /dev/null\nif [ $? != 0 ] ; then\n    # print error to STDERR\n    echo \"error: The sandbox is not in sync with the Podfile.lock. Run 'pod install' or update your CocoaPods installation.\" >&2\n    exit 1\nfi\n# This output is used by Xcode 'outputs' to avoid re-running this script phase.\necho \"SUCCESS\" > \"${SCRIPT_OUTPUT_FILE_0}\"\n";
			showEnvVarsInLog = 0;
		};
		2F328CC0BA8D3D7D7F257BF8 /* [CP] Embed Pods Frameworks */ = {
			isa = PBXShellScriptBuildPhase;
			buildActionMask = 2147483647;
			files = (
			);
			inputFileListPaths = (
				"${PODS_ROOT}/Target Support Files/Pods-Parstagram/Pods-Parstagram-frameworks-${CONFIGURATION}-input-files.xcfilelist",
			);
			name = "[CP] Embed Pods Frameworks";
			outputFileListPaths = (
				"${PODS_ROOT}/Target Support Files/Pods-Parstagram/Pods-Parstagram-frameworks-${CONFIGURATION}-output-files.xcfilelist",
			);
			runOnlyForDeploymentPostprocessing = 0;
			shellPath = /bin/sh;
			shellScript = "\"${PODS_ROOT}/Target Support Files/Pods-Parstagram/Pods-Parstagram-frameworks.sh\"\n";
			showEnvVarsInLog = 0;
		};
		726B36BD79126028596AA834 /* [CP] Check Pods Manifest.lock */ = {
			isa = PBXShellScriptBuildPhase;
			buildActionMask = 2147483647;
			files = (
			);
			inputFileListPaths = (
			);
			inputPaths = (
				"${PODS_PODFILE_DIR_PATH}/Podfile.lock",
				"${PODS_ROOT}/Manifest.lock",
			);
			name = "[CP] Check Pods Manifest.lock";
			outputFileListPaths = (
			);
			outputPaths = (
				"$(DERIVED_FILE_DIR)/Pods-Parstagram-ParstagramUITests-checkManifestLockResult.txt",
			);
			runOnlyForDeploymentPostprocessing = 0;
			shellPath = /bin/sh;
			shellScript = "diff \"${PODS_PODFILE_DIR_PATH}/Podfile.lock\" \"${PODS_ROOT}/Manifest.lock\" > /dev/null\nif [ $? != 0 ] ; then\n    # print error to STDERR\n    echo \"error: The sandbox is not in sync with the Podfile.lock. Run 'pod install' or update your CocoaPods installation.\" >&2\n    exit 1\nfi\n# This output is used by Xcode 'outputs' to avoid re-running this script phase.\necho \"SUCCESS\" > \"${SCRIPT_OUTPUT_FILE_0}\"\n";
			showEnvVarsInLog = 0;
		};
		8F2AE276F1D89A14469F4BB8 /* [CP] Embed Pods Frameworks */ = {
			isa = PBXShellScriptBuildPhase;
			buildActionMask = 2147483647;
			files = (
			);
			inputFileListPaths = (
				"${PODS_ROOT}/Target Support Files/Pods-Parstagram-ParstagramUITests/Pods-Parstagram-ParstagramUITests-frameworks-${CONFIGURATION}-input-files.xcfilelist",
			);
			name = "[CP] Embed Pods Frameworks";
			outputFileListPaths = (
				"${PODS_ROOT}/Target Support Files/Pods-Parstagram-ParstagramUITests/Pods-Parstagram-ParstagramUITests-frameworks-${CONFIGURATION}-output-files.xcfilelist",
			);
			runOnlyForDeploymentPostprocessing = 0;
			shellPath = /bin/sh;
			shellScript = "\"${PODS_ROOT}/Target Support Files/Pods-Parstagram-ParstagramUITests/Pods-Parstagram-ParstagramUITests-frameworks.sh\"\n";
			showEnvVarsInLog = 0;
		};
		AF0FE6061445AF0DF2EFF584 /* [CP] Check Pods Manifest.lock */ = {
			isa = PBXShellScriptBuildPhase;
			buildActionMask = 2147483647;
			files = (
			);
			inputFileListPaths = (
			);
			inputPaths = (
				"${PODS_PODFILE_DIR_PATH}/Podfile.lock",
				"${PODS_ROOT}/Manifest.lock",
			);
			name = "[CP] Check Pods Manifest.lock";
			outputFileListPaths = (
			);
			outputPaths = (
				"$(DERIVED_FILE_DIR)/Pods-Parstagram-checkManifestLockResult.txt",
			);
			runOnlyForDeploymentPostprocessing = 0;
			shellPath = /bin/sh;
			shellScript = "diff \"${PODS_PODFILE_DIR_PATH}/Podfile.lock\" \"${PODS_ROOT}/Manifest.lock\" > /dev/null\nif [ $? != 0 ] ; then\n    # print error to STDERR\n    echo \"error: The sandbox is not in sync with the Podfile.lock. Run 'pod install' or update your CocoaPods installation.\" >&2\n    exit 1\nfi\n# This output is used by Xcode 'outputs' to avoid re-running this script phase.\necho \"SUCCESS\" > \"${SCRIPT_OUTPUT_FILE_0}\"\n";
			showEnvVarsInLog = 0;
		};
/* End PBXShellScriptBuildPhase section */

/* Begin PBXSourcesBuildPhase section */
		C2A46E6E2605890D008D6B7B /* Sources */ = {
			isa = PBXSourcesBuildPhase;
			buildActionMask = 2147483647;
			files = (
				C2A46EBE260590A5008D6B7B /* LoginViewController.swift in Sources */,
				C2A46EC82605986F008D6B7B /* CameraViewController.swift in Sources */,
				C2A46E762605890D008D6B7B /* AppDelegate.swift in Sources */,
				C2A46EC3260590BB008D6B7B /* FeedViewController.swift in Sources */,
				C2A46E782605890D008D6B7B /* SceneDelegate.swift in Sources */,
				C2A46ED82605A5CF008D6B7B /* PostCell.swift in Sources */,
				C2B12F35260EFDF000E54CA1 /* CommentCell.swift in Sources */,
			);
			runOnlyForDeploymentPostprocessing = 0;
		};
		C2A46E842605890E008D6B7B /* Sources */ = {
			isa = PBXSourcesBuildPhase;
			buildActionMask = 2147483647;
			files = (
				C2A46E8D2605890E008D6B7B /* ParstagramTests.swift in Sources */,
			);
			runOnlyForDeploymentPostprocessing = 0;
		};
		C2A46E8F2605890E008D6B7B /* Sources */ = {
			isa = PBXSourcesBuildPhase;
			buildActionMask = 2147483647;
			files = (
				C2A46E982605890E008D6B7B /* ParstagramUITests.swift in Sources */,
			);
			runOnlyForDeploymentPostprocessing = 0;
		};
/* End PBXSourcesBuildPhase section */

/* Begin PBXTargetDependency section */
		C2A46E8A2605890E008D6B7B /* PBXTargetDependency */ = {
			isa = PBXTargetDependency;
			target = C2A46E712605890D008D6B7B /* Parstagram */;
			targetProxy = C2A46E892605890E008D6B7B /* PBXContainerItemProxy */;
		};
		C2A46E952605890E008D6B7B /* PBXTargetDependency */ = {
			isa = PBXTargetDependency;
			target = C2A46E712605890D008D6B7B /* Parstagram */;
			targetProxy = C2A46E942605890E008D6B7B /* PBXContainerItemProxy */;
		};
/* End PBXTargetDependency section */

/* Begin PBXVariantGroup section */
		C2A46E7B2605890D008D6B7B /* Main.storyboard */ = {
			isa = PBXVariantGroup;
			children = (
				C2A46E7C2605890D008D6B7B /* Base */,
			);
			name = Main.storyboard;
			sourceTree = "<group>";
		};
		C2A46E802605890E008D6B7B /* LaunchScreen.storyboard */ = {
			isa = PBXVariantGroup;
			children = (
				C2A46E812605890E008D6B7B /* Base */,
			);
			name = LaunchScreen.storyboard;
			sourceTree = "<group>";
		};
/* End PBXVariantGroup section */

/* Begin XCBuildConfiguration section */
		C2A46E9A2605890E008D6B7B /* Debug */ = {
			isa = XCBuildConfiguration;
			buildSettings = {
				ALWAYS_SEARCH_USER_PATHS = NO;
				CLANG_ANALYZER_NONNULL = YES;
				CLANG_ANALYZER_NUMBER_OBJECT_CONVERSION = YES_AGGRESSIVE;
				CLANG_CXX_LANGUAGE_STANDARD = "gnu++14";
				CLANG_CXX_LIBRARY = "libc++";
				CLANG_ENABLE_MODULES = YES;
				CLANG_ENABLE_OBJC_ARC = YES;
				CLANG_ENABLE_OBJC_WEAK = YES;
				CLANG_WARN_BLOCK_CAPTURE_AUTORELEASING = YES;
				CLANG_WARN_BOOL_CONVERSION = YES;
				CLANG_WARN_COMMA = YES;
				CLANG_WARN_CONSTANT_CONVERSION = YES;
				CLANG_WARN_DEPRECATED_OBJC_IMPLEMENTATIONS = YES;
				CLANG_WARN_DIRECT_OBJC_ISA_USAGE = YES_ERROR;
				CLANG_WARN_DOCUMENTATION_COMMENTS = YES;
				CLANG_WARN_EMPTY_BODY = YES;
				CLANG_WARN_ENUM_CONVERSION = YES;
				CLANG_WARN_INFINITE_RECURSION = YES;
				CLANG_WARN_INT_CONVERSION = YES;
				CLANG_WARN_NON_LITERAL_NULL_CONVERSION = YES;
				CLANG_WARN_OBJC_IMPLICIT_RETAIN_SELF = YES;
				CLANG_WARN_OBJC_LITERAL_CONVERSION = YES;
				CLANG_WARN_OBJC_ROOT_CLASS = YES_ERROR;
				CLANG_WARN_QUOTED_INCLUDE_IN_FRAMEWORK_HEADER = YES;
				CLANG_WARN_RANGE_LOOP_ANALYSIS = YES;
				CLANG_WARN_STRICT_PROTOTYPES = YES;
				CLANG_WARN_SUSPICIOUS_MOVE = YES;
				CLANG_WARN_UNGUARDED_AVAILABILITY = YES_AGGRESSIVE;
				CLANG_WARN_UNREACHABLE_CODE = YES;
				CLANG_WARN__DUPLICATE_METHOD_MATCH = YES;
				COPY_PHASE_STRIP = NO;
				DEBUG_INFORMATION_FORMAT = dwarf;
				ENABLE_STRICT_OBJC_MSGSEND = YES;
				ENABLE_TESTABILITY = YES;
				GCC_C_LANGUAGE_STANDARD = gnu11;
				GCC_DYNAMIC_NO_PIC = NO;
				GCC_NO_COMMON_BLOCKS = YES;
				GCC_OPTIMIZATION_LEVEL = 0;
				GCC_PREPROCESSOR_DEFINITIONS = (
					"DEBUG=1",
					"$(inherited)",
				);
				GCC_WARN_64_TO_32_BIT_CONVERSION = YES;
				GCC_WARN_ABOUT_RETURN_TYPE = YES_ERROR;
				GCC_WARN_UNDECLARED_SELECTOR = YES;
				GCC_WARN_UNINITIALIZED_AUTOS = YES_AGGRESSIVE;
				GCC_WARN_UNUSED_FUNCTION = YES;
				GCC_WARN_UNUSED_VARIABLE = YES;
				IPHONEOS_DEPLOYMENT_TARGET = 14.4;
				MTL_ENABLE_DEBUG_INFO = INCLUDE_SOURCE;
				MTL_FAST_MATH = YES;
				ONLY_ACTIVE_ARCH = YES;
				SDKROOT = iphoneos;
				SWIFT_ACTIVE_COMPILATION_CONDITIONS = DEBUG;
				SWIFT_OPTIMIZATION_LEVEL = "-Onone";
			};
			name = Debug;
		};
		C2A46E9B2605890E008D6B7B /* Release */ = {
			isa = XCBuildConfiguration;
			buildSettings = {
				ALWAYS_SEARCH_USER_PATHS = NO;
				CLANG_ANALYZER_NONNULL = YES;
				CLANG_ANALYZER_NUMBER_OBJECT_CONVERSION = YES_AGGRESSIVE;
				CLANG_CXX_LANGUAGE_STANDARD = "gnu++14";
				CLANG_CXX_LIBRARY = "libc++";
				CLANG_ENABLE_MODULES = YES;
				CLANG_ENABLE_OBJC_ARC = YES;
				CLANG_ENABLE_OBJC_WEAK = YES;
				CLANG_WARN_BLOCK_CAPTURE_AUTORELEASING = YES;
				CLANG_WARN_BOOL_CONVERSION = YES;
				CLANG_WARN_COMMA = YES;
				CLANG_WARN_CONSTANT_CONVERSION = YES;
				CLANG_WARN_DEPRECATED_OBJC_IMPLEMENTATIONS = YES;
				CLANG_WARN_DIRECT_OBJC_ISA_USAGE = YES_ERROR;
				CLANG_WARN_DOCUMENTATION_COMMENTS = YES;
				CLANG_WARN_EMPTY_BODY = YES;
				CLANG_WARN_ENUM_CONVERSION = YES;
				CLANG_WARN_INFINITE_RECURSION = YES;
				CLANG_WARN_INT_CONVERSION = YES;
				CLANG_WARN_NON_LITERAL_NULL_CONVERSION = YES;
				CLANG_WARN_OBJC_IMPLICIT_RETAIN_SELF = YES;
				CLANG_WARN_OBJC_LITERAL_CONVERSION = YES;
				CLANG_WARN_OBJC_ROOT_CLASS = YES_ERROR;
				CLANG_WARN_QUOTED_INCLUDE_IN_FRAMEWORK_HEADER = YES;
				CLANG_WARN_RANGE_LOOP_ANALYSIS = YES;
				CLANG_WARN_STRICT_PROTOTYPES = YES;
				CLANG_WARN_SUSPICIOUS_MOVE = YES;
				CLANG_WARN_UNGUARDED_AVAILABILITY = YES_AGGRESSIVE;
				CLANG_WARN_UNREACHABLE_CODE = YES;
				CLANG_WARN__DUPLICATE_METHOD_MATCH = YES;
				COPY_PHASE_STRIP = NO;
				DEBUG_INFORMATION_FORMAT = "dwarf-with-dsym";
				ENABLE_NS_ASSERTIONS = NO;
				ENABLE_STRICT_OBJC_MSGSEND = YES;
				GCC_C_LANGUAGE_STANDARD = gnu11;
				GCC_NO_COMMON_BLOCKS = YES;
				GCC_WARN_64_TO_32_BIT_CONVERSION = YES;
				GCC_WARN_ABOUT_RETURN_TYPE = YES_ERROR;
				GCC_WARN_UNDECLARED_SELECTOR = YES;
				GCC_WARN_UNINITIALIZED_AUTOS = YES_AGGRESSIVE;
				GCC_WARN_UNUSED_FUNCTION = YES;
				GCC_WARN_UNUSED_VARIABLE = YES;
				IPHONEOS_DEPLOYMENT_TARGET = 14.4;
				MTL_ENABLE_DEBUG_INFO = NO;
				MTL_FAST_MATH = YES;
				SDKROOT = iphoneos;
				SWIFT_COMPILATION_MODE = wholemodule;
				SWIFT_OPTIMIZATION_LEVEL = "-O";
				VALIDATE_PRODUCT = YES;
			};
			name = Release;
		};
		C2A46E9D2605890E008D6B7B /* Debug */ = {
			isa = XCBuildConfiguration;
			baseConfigurationReference = 79E3B061F9C0DE05CB1365E5 /* Pods-Parstagram.debug.xcconfig */;
			buildSettings = {
				ASSETCATALOG_COMPILER_APPICON_NAME = AppIcon;
				ASSETCATALOG_COMPILER_GLOBAL_ACCENT_COLOR_NAME = AccentColor;
				CODE_SIGN_STYLE = Automatic;
				INFOPLIST_FILE = Parstagram/Info.plist;
				LD_RUNPATH_SEARCH_PATHS = (
					"$(inherited)",
					"@executable_path/Frameworks",
				);
				PRODUCT_BUNDLE_IDENTIFIER = "com.Farjana-Chadni.Parstagram";
				PRODUCT_NAME = "$(TARGET_NAME)";
				SWIFT_VERSION = 5.0;
				TARGETED_DEVICE_FAMILY = "1,2";
			};
			name = Debug;
		};
		C2A46E9E2605890E008D6B7B /* Release */ = {
			isa = XCBuildConfiguration;
			baseConfigurationReference = B5C3DEB8CB5DCC7ADC96821C /* Pods-Parstagram.release.xcconfig */;
			buildSettings = {
				ASSETCATALOG_COMPILER_APPICON_NAME = AppIcon;
				ASSETCATALOG_COMPILER_GLOBAL_ACCENT_COLOR_NAME = AccentColor;
				CODE_SIGN_STYLE = Automatic;
				INFOPLIST_FILE = Parstagram/Info.plist;
				LD_RUNPATH_SEARCH_PATHS = (
					"$(inherited)",
					"@executable_path/Frameworks",
				);
				PRODUCT_BUNDLE_IDENTIFIER = "com.Farjana-Chadni.Parstagram";
				PRODUCT_NAME = "$(TARGET_NAME)";
				SWIFT_VERSION = 5.0;
				TARGETED_DEVICE_FAMILY = "1,2";
			};
			name = Release;
		};
		C2A46EA02605890E008D6B7B /* Debug */ = {
			isa = XCBuildConfiguration;
			baseConfigurationReference = 634986F35F2CE7720C7F39BF /* Pods-ParstagramTests.debug.xcconfig */;
			buildSettings = {
				ALWAYS_EMBED_SWIFT_STANDARD_LIBRARIES = YES;
				BUNDLE_LOADER = "$(TEST_HOST)";
				CODE_SIGN_STYLE = Automatic;
				INFOPLIST_FILE = ParstagramTests/Info.plist;
				IPHONEOS_DEPLOYMENT_TARGET = 14.4;
				LD_RUNPATH_SEARCH_PATHS = (
					"$(inherited)",
					"@executable_path/Frameworks",
					"@loader_path/Frameworks",
				);
				PRODUCT_BUNDLE_IDENTIFIER = "com.Farjana-Chadni.ParstagramTests";
				PRODUCT_NAME = "$(TARGET_NAME)";
				SWIFT_VERSION = 5.0;
				TARGETED_DEVICE_FAMILY = "1,2";
				TEST_HOST = "$(BUILT_PRODUCTS_DIR)/Parstagram.app/Parstagram";
			};
			name = Debug;
		};
		C2A46EA12605890E008D6B7B /* Release */ = {
			isa = XCBuildConfiguration;
			baseConfigurationReference = B63A0F5509A79399475EFA4E /* Pods-ParstagramTests.release.xcconfig */;
			buildSettings = {
				ALWAYS_EMBED_SWIFT_STANDARD_LIBRARIES = YES;
				BUNDLE_LOADER = "$(TEST_HOST)";
				CODE_SIGN_STYLE = Automatic;
				INFOPLIST_FILE = ParstagramTests/Info.plist;
				IPHONEOS_DEPLOYMENT_TARGET = 14.4;
				LD_RUNPATH_SEARCH_PATHS = (
					"$(inherited)",
					"@executable_path/Frameworks",
					"@loader_path/Frameworks",
				);
				PRODUCT_BUNDLE_IDENTIFIER = "com.Farjana-Chadni.ParstagramTests";
				PRODUCT_NAME = "$(TARGET_NAME)";
				SWIFT_VERSION = 5.0;
				TARGETED_DEVICE_FAMILY = "1,2";
				TEST_HOST = "$(BUILT_PRODUCTS_DIR)/Parstagram.app/Parstagram";
			};
			name = Release;
		};
		C2A46EA32605890E008D6B7B /* Debug */ = {
			isa = XCBuildConfiguration;
			baseConfigurationReference = 12ADA93551C3B9499BC38A47 /* Pods-Parstagram-ParstagramUITests.debug.xcconfig */;
			buildSettings = {
				ALWAYS_EMBED_SWIFT_STANDARD_LIBRARIES = YES;
				CODE_SIGN_STYLE = Automatic;
				INFOPLIST_FILE = ParstagramUITests/Info.plist;
				LD_RUNPATH_SEARCH_PATHS = (
					"$(inherited)",
					"@executable_path/Frameworks",
					"@loader_path/Frameworks",
				);
				PRODUCT_BUNDLE_IDENTIFIER = "com.Farjana-Chadni.ParstagramUITests";
				PRODUCT_NAME = "$(TARGET_NAME)";
				SWIFT_VERSION = 5.0;
				TARGETED_DEVICE_FAMILY = "1,2";
				TEST_TARGET_NAME = Parstagram;
			};
			name = Debug;
		};
		C2A46EA42605890E008D6B7B /* Release */ = {
			isa = XCBuildConfiguration;
			baseConfigurationReference = 2AB01555418BAD56F1EF9697 /* Pods-Parstagram-ParstagramUITests.release.xcconfig */;
			buildSettings = {
				ALWAYS_EMBED_SWIFT_STANDARD_LIBRARIES = YES;
				CODE_SIGN_STYLE = Automatic;
				INFOPLIST_FILE = ParstagramUITests/Info.plist;
				LD_RUNPATH_SEARCH_PATHS = (
					"$(inherited)",
					"@executable_path/Frameworks",
					"@loader_path/Frameworks",
				);
				PRODUCT_BUNDLE_IDENTIFIER = "com.Farjana-Chadni.ParstagramUITests";
				PRODUCT_NAME = "$(TARGET_NAME)";
				SWIFT_VERSION = 5.0;
				TARGETED_DEVICE_FAMILY = "1,2";
				TEST_TARGET_NAME = Parstagram;
			};
			name = Release;
		};
/* End XCBuildConfiguration section */

/* Begin XCConfigurationList section */
		C2A46E6D2605890D008D6B7B /* Build configuration list for PBXProject "Parstagram" */ = {
			isa = XCConfigurationList;
			buildConfigurations = (
				C2A46E9A2605890E008D6B7B /* Debug */,
				C2A46E9B2605890E008D6B7B /* Release */,
			);
			defaultConfigurationIsVisible = 0;
			defaultConfigurationName = Release;
		};
		C2A46E9C2605890E008D6B7B /* Build configuration list for PBXNativeTarget "Parstagram" */ = {
			isa = XCConfigurationList;
			buildConfigurations = (
				C2A46E9D2605890E008D6B7B /* Debug */,
				C2A46E9E2605890E008D6B7B /* Release */,
			);
			defaultConfigurationIsVisible = 0;
			defaultConfigurationName = Release;
		};
		C2A46E9F2605890E008D6B7B /* Build configuration list for PBXNativeTarget "ParstagramTests" */ = {
			isa = XCConfigurationList;
			buildConfigurations = (
				C2A46EA02605890E008D6B7B /* Debug */,
				C2A46EA12605890E008D6B7B /* Release */,
			);
			defaultConfigurationIsVisible = 0;
			defaultConfigurationName = Release;
		};
		C2A46EA22605890E008D6B7B /* Build configuration list for PBXNativeTarget "ParstagramUITests" */ = {
			isa = XCConfigurationList;
			buildConfigurations = (
				C2A46EA32605890E008D6B7B /* Debug */,
				C2A46EA42605890E008D6B7B /* Release */,
			);
			defaultConfigurationIsVisible = 0;
			defaultConfigurationName = Release;
		};
/* End XCConfigurationList section */
	};
	rootObject = C2A46E6A2605890D008D6B7B /* Project object */;
}
